
Microsoft Visual Studio Solution File, Format Version 12.00
# Visual Studio Version 16
VisualStudioVersion = 16.0.31205.134
MinimumVisualStudioVersion = 10.0.40219.1
Project("{FAE04EC0-301F-11D3-BF4B-00C04F79EFBC}") = "NKUST-109-2-WEB-APP", "NKUST-109-2-WEB-APP\NKUST-109-2-WEB-APP.csproj", "{A12D2766-03CB-4E8D-B70B-EED7685E3016}"
EndProject
Global
	GlobalSection(SolutionConfigurationPlatforms) = preSolution
		Debug|Any CPU = Debug|Any CPU
		Release|Any CPU = Release|Any CPU
	EndGlobalSection
	GlobalSection(ProjectConfigurationPlatforms) = postSolution
		{A12D2766-03CB-4E8D-B70B-EED7685E3016}.Debug|Any CPU.ActiveCfg = Debug|Any CPU
		{A12D2766-03CB-4E8D-B70B-EED7685E3016}.Debug|Any CPU.Build.0 = Debug|Any CPU
		{A12D2766-03CB-4E8D-B70B-EED7685E3016}.Release|Any CPU.ActiveCfg = Release|Any CPU
		{A12D2766-03CB-4E8D-B70B-EED7685E3016}.Release|Any CPU.Build.0 = Release|Any CPU
	EndGlobalSection
	GlobalSection(SolutionProperties) = preSolution
		HideSolutionNode = FALSE
	EndGlobalSection
	GlobalSection(ExtensibilityGlobals) = postSolution
		SolutionGuid = {A863D101-F4E4-41D3-8FD4-CC1D3077E585}
	EndGlobalSection
EndGlobal
